// !$*UTF8*$!
{
	archiveVersion = 1;
	classes = {
	};
	objectVersion = 55;
	objects = {

/* Begin PBXBuildFile section */
		7DF6573A2A8B273C00068889 /* AppDelegate.swift in Sources */ = {isa = PBXBuildFile; fileRef = 7DF657392A8B273C00068889 /* AppDelegate.swift */; };
		7DF6573C2A8B273C00068889 /* SceneDelegate.swift in Sources */ = {isa = PBXBuildFile; fileRef = 7DF6573B2A8B273C00068889 /* SceneDelegate.swift */; };
		7DF657432A8B274000068889 /* Assets.xcassets in Resources */ = {isa = PBXBuildFile; fileRef = 7DF657422A8B274000068889 /* Assets.xcassets */; };
		7DF657462A8B274000068889 /* LaunchScreen.storyboard in Resources */ = {isa = PBXBuildFile; fileRef = 7DF657442A8B274000068889 /* LaunchScreen.storyboard */; };
		7DF657512A8B274000068889 /* APITests.swift in Sources */ = {isa = PBXBuildFile; fileRef = 7DF657502A8B274000068889 /* APITests.swift */; };
		7DF6575B2A8B274000068889 /* APIUITests.swift in Sources */ = {isa = PBXBuildFile; fileRef = 7DF6575A2A8B274000068889 /* APIUITests.swift */; };
		7DF6575D2A8B274000068889 /* APIUITestsLaunchTests.swift in Sources */ = {isa = PBXBuildFile; fileRef = 7DF6575C2A8B274000068889 /* APIUITestsLaunchTests.swift */; };
		7DF657742A8B28A000068889 /* APIStruct.swift in Sources */ = {isa = PBXBuildFile; fileRef = 7DF657732A8B28A000068889 /* APIStruct.swift */; };
		7DF657762A8B28CF00068889 /* NetworkConstents.swift in Sources */ = {isa = PBXBuildFile; fileRef = 7DF657752A8B28CF00068889 /* NetworkConstents.swift */; };
		7DF657792A8B6A7000068889 /* RequestData.swift in Sources */ = {isa = PBXBuildFile; fileRef = 7DF657782A8B6A7000068889 /* RequestData.swift */; };
		7DF6577E2A8B7F5800068889 /* MainViewController.swift in Sources */ = {isa = PBXBuildFile; fileRef = 7DF6577C2A8B7F5800068889 /* MainViewController.swift */; };
		7DF6577F2A8B7F5800068889 /* MainViewController.xib in Resources */ = {isa = PBXBuildFile; fileRef = 7DF6577D2A8B7F5800068889 /* MainViewController.xib */; };
		7DF657832A8C79C800068889 /* MainTableViewCell.swift in Sources */ = {isa = PBXBuildFile; fileRef = 7DF657812A8C79C800068889 /* MainTableViewCell.swift */; };
		7DF657842A8C79C800068889 /* MainTableViewCell.xib in Resources */ = {isa = PBXBuildFile; fileRef = 7DF657822A8C79C800068889 /* MainTableViewCell.xib */; };
		7DF657882A8C800D00068889 /* ChooseViewController.swift in Sources */ = {isa = PBXBuildFile; fileRef = 7DF657862A8C800D00068889 /* ChooseViewController.swift */; };
		7DF657892A8C800D00068889 /* ChooseViewController.xib in Resources */ = {isa = PBXBuildFile; fileRef = 7DF657872A8C800D00068889 /* ChooseViewController.xib */; };
		7DF6578D2A8C808A00068889 /* ChooseTableViewCell.swift in Sources */ = {isa = PBXBuildFile; fileRef = 7DF6578B2A8C808A00068889 /* ChooseTableViewCell.swift */; };
		7DF6578E2A8C808A00068889 /* ChooseTableViewCell.xib in Resources */ = {isa = PBXBuildFile; fileRef = 7DF6578C2A8C808A00068889 /* ChooseTableViewCell.xib */; };
		7DF657A12A8CC7EB00068889 /* cloud.rain.png in Resources */ = {isa = PBXBuildFile; fileRef = 7DF657A02A8CC7EB00068889 /* cloud.rain.png */; };
		7DF657A72A8CC7FF00068889 /* thermometer.low.png in Resources */ = {isa = PBXBuildFile; fileRef = 7DF657A22A8CC7FE00068889 /* thermometer.low.png */; };
		7DF657A82A8CC7FF00068889 /* leaf.png in Resources */ = {isa = PBXBuildFile; fileRef = 7DF657A32A8CC7FE00068889 /* leaf.png */; };
		7DF657A92A8CC7FF00068889 /* weather.png in Resources */ = {isa = PBXBuildFile; fileRef = 7DF657A42A8CC7FF00068889 /* weather.png */; };
		7DF657AA2A8CC7FF00068889 /* paperplane.png in Resources */ = {isa = PBXBuildFile; fileRef = 7DF657A52A8CC7FF00068889 /* paperplane.png */; };
		7DF657AB2A8CC7FF00068889 /* thermometer.high.png in Resources */ = {isa = PBXBuildFile; fileRef = 7DF657A62A8CC7FF00068889 /* thermometer.high.png */; };
/* End PBXBuildFile section */

/* Begin PBXContainerItemProxy section */
		7DF6574D2A8B274000068889 /* PBXContainerItemProxy */ = {
			isa = PBXContainerItemProxy;
			containerPortal = 7DF6572E2A8B273B00068889 /* Project object */;
			proxyType = 1;
			remoteGlobalIDString = 7DF657352A8B273B00068889;
			remoteInfo = API;
		};
		7DF657572A8B274000068889 /* PBXContainerItemProxy */ = {
			isa = PBXContainerItemProxy;
			containerPortal = 7DF6572E2A8B273B00068889 /* Project object */;
			proxyType = 1;
			remoteGlobalIDString = 7DF657352A8B273B00068889;
			remoteInfo = API;
		};
/* End PBXContainerItemProxy section */

/* Begin PBXFileReference section */
		7DF657362A8B273B00068889 /* API.app */ = {isa = PBXFileReference; explicitFileType = wrapper.application; includeInIndex = 0; path = API.app; sourceTree = BUILT_PRODUCTS_DIR; };
		7DF657392A8B273C00068889 /* AppDelegate.swift */ = {isa = PBXFileReference; lastKnownFileType = sourcecode.swift; path = AppDelegate.swift; sourceTree = "<group>"; };
		7DF6573B2A8B273C00068889 /* SceneDelegate.swift */ = {isa = PBXFileReference; lastKnownFileType = sourcecode.swift; path = SceneDelegate.swift; sourceTree = "<group>"; };
		7DF657422A8B274000068889 /* Assets.xcassets */ = {isa = PBXFileReference; lastKnownFileType = folder.assetcatalog; path = Assets.xcassets; sourceTree = "<group>"; };
		7DF657452A8B274000068889 /* Base */ = {isa = PBXFileReference; lastKnownFileType = file.storyboard; name = Base; path = Base.lproj/LaunchScreen.storyboard; sourceTree = "<group>"; };
		7DF657472A8B274000068889 /* Info.plist */ = {isa = PBXFileReference; lastKnownFileType = text.plist.xml; path = Info.plist; sourceTree = "<group>"; };
		7DF6574C2A8B274000068889 /* APITests.xctest */ = {isa = PBXFileReference; explicitFileType = wrapper.cfbundle; includeInIndex = 0; path = APITests.xctest; sourceTree = BUILT_PRODUCTS_DIR; };
		7DF657502A8B274000068889 /* APITests.swift */ = {isa = PBXFileReference; lastKnownFileType = sourcecode.swift; path = APITests.swift; sourceTree = "<group>"; };
		7DF657562A8B274000068889 /* APIUITests.xctest */ = {isa = PBXFileReference; explicitFileType = wrapper.cfbundle; includeInIndex = 0; path = APIUITests.xctest; sourceTree = BUILT_PRODUCTS_DIR; };
		7DF6575A2A8B274000068889 /* APIUITests.swift */ = {isa = PBXFileReference; lastKnownFileType = sourcecode.swift; path = APIUITests.swift; sourceTree = "<group>"; };
		7DF6575C2A8B274000068889 /* APIUITestsLaunchTests.swift */ = {isa = PBXFileReference; lastKnownFileType = sourcecode.swift; path = APIUITestsLaunchTests.swift; sourceTree = "<group>"; };
		7DF657732A8B28A000068889 /* APIStruct.swift */ = {isa = PBXFileReference; lastKnownFileType = sourcecode.swift; path = APIStruct.swift; sourceTree = "<group>"; };
		7DF657752A8B28CF00068889 /* NetworkConstents.swift */ = {isa = PBXFileReference; lastKnownFileType = sourcecode.swift; path = NetworkConstents.swift; sourceTree = "<group>"; };
		7DF657782A8B6A7000068889 /* RequestData.swift */ = {isa = PBXFileReference; lastKnownFileType = sourcecode.swift; path = RequestData.swift; sourceTree = "<group>"; };
		7DF6577C2A8B7F5800068889 /* MainViewController.swift */ = {isa = PBXFileReference; lastKnownFileType = sourcecode.swift; path = MainViewController.swift; sourceTree = "<group>"; };
		7DF6577D2A8B7F5800068889 /* MainViewController.xib */ = {isa = PBXFileReference; lastKnownFileType = file.xib; path = MainViewController.xib; sourceTree = "<group>"; };
		7DF657812A8C79C800068889 /* MainTableViewCell.swift */ = {isa = PBXFileReference; lastKnownFileType = sourcecode.swift; path = MainTableViewCell.swift; sourceTree = "<group>"; };
		7DF657822A8C79C800068889 /* MainTableViewCell.xib */ = {isa = PBXFileReference; lastKnownFileType = file.xib; path = MainTableViewCell.xib; sourceTree = "<group>"; };
		7DF657862A8C800D00068889 /* ChooseViewController.swift */ = {isa = PBXFileReference; lastKnownFileType = sourcecode.swift; path = ChooseViewController.swift; sourceTree = "<group>"; };
		7DF657872A8C800D00068889 /* ChooseViewController.xib */ = {isa = PBXFileReference; lastKnownFileType = file.xib; path = ChooseViewController.xib; sourceTree = "<group>"; };
		7DF6578B2A8C808A00068889 /* ChooseTableViewCell.swift */ = {isa = PBXFileReference; lastKnownFileType = sourcecode.swift; path = ChooseTableViewCell.swift; sourceTree = "<group>"; };
		7DF6578C2A8C808A00068889 /* ChooseTableViewCell.xib */ = {isa = PBXFileReference; lastKnownFileType = file.xib; path = ChooseTableViewCell.xib; sourceTree = "<group>"; };
		7DF657A02A8CC7EB00068889 /* cloud.rain.png */ = {isa = PBXFileReference; lastKnownFileType = image.png; path = cloud.rain.png; sourceTree = "<group>"; };
		7DF657A22A8CC7FE00068889 /* thermometer.low.png */ = {isa = PBXFileReference; lastKnownFileType = image.png; path = thermometer.low.png; sourceTree = "<group>"; };
		7DF657A32A8CC7FE00068889 /* leaf.png */ = {isa = PBXFileReference; lastKnownFileType = image.png; path = leaf.png; sourceTree = "<group>"; };
		7DF657A42A8CC7FF00068889 /* weather.png */ = {isa = PBXFileReference; lastKnownFileType = image.png; path = weather.png; sourceTree = "<group>"; };
		7DF657A52A8CC7FF00068889 /* paperplane.png */ = {isa = PBXFileReference; lastKnownFileType = image.png; path = paperplane.png; sourceTree = "<group>"; };
		7DF657A62A8CC7FF00068889 /* thermometer.high.png */ = {isa = PBXFileReference; lastKnownFileType = image.png; path = thermometer.high.png; sourceTree = "<group>"; };
/* End PBXFileReference section */

/* Begin PBXFrameworksBuildPhase section */
		7DF657332A8B273B00068889 /* Frameworks */ = {
			isa = PBXFrameworksBuildPhase;
			buildActionMask = 2147483647;
			files = (
			);
			runOnlyForDeploymentPostprocessing = 0;
		};
		7DF657492A8B274000068889 /* Frameworks */ = {
			isa = PBXFrameworksBuildPhase;
			buildActionMask = 2147483647;
			files = (
			);
			runOnlyForDeploymentPostprocessing = 0;
		};
		7DF657532A8B274000068889 /* Frameworks */ = {
			isa = PBXFrameworksBuildPhase;
			buildActionMask = 2147483647;
			files = (
			);
			runOnlyForDeploymentPostprocessing = 0;
		};
/* End PBXFrameworksBuildPhase section */

/* Begin PBXGroup section */
		7DF6572D2A8B273B00068889 = {
			isa = PBXGroup;
			children = (
				7DF657382A8B273B00068889 /* API */,
				7DF6574F2A8B274000068889 /* APITests */,
				7DF657592A8B274000068889 /* APIUITests */,
				7DF657372A8B273B00068889 /* Products */,
			);
			sourceTree = "<group>";
		};
		7DF657372A8B273B00068889 /* Products */ = {
			isa = PBXGroup;
			children = (
				7DF657362A8B273B00068889 /* API.app */,
				7DF6574C2A8B274000068889 /* APITests.xctest */,
				7DF657562A8B274000068889 /* APIUITests.xctest */,
			);
			name = Products;
			sourceTree = "<group>";
		};
		7DF657382A8B273B00068889 /* API */ = {
			isa = PBXGroup;
			children = (
				7DF657392A8B273C00068889 /* AppDelegate.swift */,
				7DF6573B2A8B273C00068889 /* SceneDelegate.swift */,
				7DF657702A8B285A00068889 /* Model */,
				7DF6576F2A8B285100068889 /* View */,
				7DF6576E2A8B284800068889 /* Controller */,
				7DF657422A8B274000068889 /* Assets.xcassets */,
				7DF657442A8B274000068889 /* LaunchScreen.storyboard */,
				7DF657472A8B274000068889 /* Info.plist */,
			);
			path = API;
			sourceTree = "<group>";
		};
		7DF6574F2A8B274000068889 /* APITests */ = {
			isa = PBXGroup;
			children = (
				7DF657502A8B274000068889 /* APITests.swift */,
			);
			path = APITests;
			sourceTree = "<group>";
		};
		7DF657592A8B274000068889 /* APIUITests */ = {
			isa = PBXGroup;
			children = (
				7DF6575A2A8B274000068889 /* APIUITests.swift */,
				7DF6575C2A8B274000068889 /* APIUITestsLaunchTests.swift */,
			);
			path = APIUITests;
			sourceTree = "<group>";
		};
		7DF6576E2A8B284800068889 /* Controller */ = {
			isa = PBXGroup;
			children = (
				7DF657852A8C7FFB00068889 /* Choose */,
				7DF657772A8B69D200068889 /* Main */,
			);
			path = Controller;
			sourceTree = "<group>";
		};
		7DF6576F2A8B285100068889 /* View */ = {
			isa = PBXGroup;
			children = (
				7DF6578F2A8CAF7800068889 /* Image */,
			);
			path = View;
			sourceTree = "<group>";
		};
		7DF657702A8B285A00068889 /* Model */ = {
			isa = PBXGroup;
			children = (
				7DF657712A8B286700068889 /* Network */,
			);
			path = Model;
			sourceTree = "<group>";
		};
		7DF657712A8B286700068889 /* Network */ = {
			isa = PBXGroup;
			children = (
				7DF657722A8B287A00068889 /* API Component */,
			);
			path = Network;
			sourceTree = "<group>";
		};
		7DF657722A8B287A00068889 /* API Component */ = {
			isa = PBXGroup;
			children = (
				7DF657732A8B28A000068889 /* APIStruct.swift */,
				7DF657752A8B28CF00068889 /* NetworkConstents.swift */,
				7DF657782A8B6A7000068889 /* RequestData.swift */,
			);
			path = "API Component";
			sourceTree = "<group>";
		};
		7DF657772A8B69D200068889 /* Main */ = {
			isa = PBXGroup;
			children = (
				7DF657802A8C79B000068889 /* Component */,
				7DF6577C2A8B7F5800068889 /* MainViewController.swift */,
				7DF6577D2A8B7F5800068889 /* MainViewController.xib */,
			);
			path = Main;
			sourceTree = "<group>";
		};
		7DF657802A8C79B000068889 /* Component */ = {
			isa = PBXGroup;
			children = (
				7DF657812A8C79C800068889 /* MainTableViewCell.swift */,
				7DF657822A8C79C800068889 /* MainTableViewCell.xib */,
			);
			path = Component;
			sourceTree = "<group>";
		};
		7DF657852A8C7FFB00068889 /* Choose */ = {
			isa = PBXGroup;
			children = (
				7DF6578A2A8C807800068889 /* Component */,
				7DF657862A8C800D00068889 /* ChooseViewController.swift */,
				7DF657872A8C800D00068889 /* ChooseViewController.xib */,
			);
			path = Choose;
			sourceTree = "<group>";
		};
		7DF6578A2A8C807800068889 /* Component */ = {
			isa = PBXGroup;
			children = (
				7DF6578B2A8C808A00068889 /* ChooseTableViewCell.swift */,
				7DF6578C2A8C808A00068889 /* ChooseTableViewCell.xib */,
			);
			path = Component;
			sourceTree = "<group>";
		};
		7DF6578F2A8CAF7800068889 /* Image */ = {
			isa = PBXGroup;
			children = (
				7DF657A02A8CC7EB00068889 /* cloud.rain.png */,
				7DF657A32A8CC7FE00068889 /* leaf.png */,
				7DF657A52A8CC7FF00068889 /* paperplane.png */,
				7DF657A62A8CC7FF00068889 /* thermometer.high.png */,
				7DF657A22A8CC7FE00068889 /* thermometer.low.png */,
				7DF657A42A8CC7FF00068889 /* weather.png */,
			);
			path = Image;
			sourceTree = "<group>";
		};
/* End PBXGroup section */

/* Begin PBXNativeTarget section */
		7DF657352A8B273B00068889 /* API */ = {
			isa = PBXNativeTarget;
			buildConfigurationList = 7DF657602A8B274000068889 /* Build configuration list for PBXNativeTarget "API" */;
			buildPhases = (
				7DF657322A8B273B00068889 /* Sources */,
				7DF657332A8B273B00068889 /* Frameworks */,
				7DF657342A8B273B00068889 /* Resources */,
			);
			buildRules = (
			);
			dependencies = (
			);
			name = API;
			productName = API;
			productReference = 7DF657362A8B273B00068889 /* API.app */;
			productType = "com.apple.product-type.application";
		};
		7DF6574B2A8B274000068889 /* APITests */ = {
			isa = PBXNativeTarget;
			buildConfigurationList = 7DF657632A8B274000068889 /* Build configuration list for PBXNativeTarget "APITests" */;
			buildPhases = (
				7DF657482A8B274000068889 /* Sources */,
				7DF657492A8B274000068889 /* Frameworks */,
				7DF6574A2A8B274000068889 /* Resources */,
			);
			buildRules = (
			);
			dependencies = (
				7DF6574E2A8B274000068889 /* PBXTargetDependency */,
			);
			name = APITests;
			productName = APITests;
			productReference = 7DF6574C2A8B274000068889 /* APITests.xctest */;
			productType = "com.apple.product-type.bundle.unit-test";
		};
		7DF657552A8B274000068889 /* APIUITests */ = {
			isa = PBXNativeTarget;
			buildConfigurationList = 7DF657662A8B274000068889 /* Build configuration list for PBXNativeTarget "APIUITests" */;
			buildPhases = (
				7DF657522A8B274000068889 /* Sources */,
				7DF657532A8B274000068889 /* Frameworks */,
				7DF657542A8B274000068889 /* Resources */,
			);
			buildRules = (
			);
			dependencies = (
				7DF657582A8B274000068889 /* PBXTargetDependency */,
			);
			name = APIUITests;
			productName = APIUITests;
			productReference = 7DF657562A8B274000068889 /* APIUITests.xctest */;
			productType = "com.apple.product-type.bundle.ui-testing";
		};
/* End PBXNativeTarget section */

/* Begin PBXProject section */
		7DF6572E2A8B273B00068889 /* Project object */ = {
			isa = PBXProject;
			attributes = {
				BuildIndependentTargetsInParallel = 1;
				LastSwiftUpdateCheck = 1320;
				LastUpgradeCheck = 1320;
				TargetAttributes = {
					7DF657352A8B273B00068889 = {
						CreatedOnToolsVersion = 13.2.1;
					};
					7DF6574B2A8B274000068889 = {
						CreatedOnToolsVersion = 13.2.1;
						TestTargetID = 7DF657352A8B273B00068889;
					};
					7DF657552A8B274000068889 = {
						CreatedOnToolsVersion = 13.2.1;
						TestTargetID = 7DF657352A8B273B00068889;
					};
				};
			};
			buildConfigurationList = 7DF657312A8B273B00068889 /* Build configuration list for PBXProject "API" */;
			compatibilityVersion = "Xcode 13.0";
			developmentRegion = en;
			hasScannedForEncodings = 0;
			knownRegions = (
				en,
				Base,
			);
			mainGroup = 7DF6572D2A8B273B00068889;
			productRefGroup = 7DF657372A8B273B00068889 /* Products */;
			projectDirPath = "";
			projectRoot = "";
			targets = (
				7DF657352A8B273B00068889 /* API */,
				7DF6574B2A8B274000068889 /* APITests */,
				7DF657552A8B274000068889 /* APIUITests */,
			);
		};
/* End PBXProject section */

/* Begin PBXResourcesBuildPhase section */
		7DF657342A8B273B00068889 /* Resources */ = {
			isa = PBXResourcesBuildPhase;
			buildActionMask = 2147483647;
			files = (
				7DF657A92A8CC7FF00068889 /* weather.png in Resources */,
				7DF657AA2A8CC7FF00068889 /* paperplane.png in Resources */,
				7DF657462A8B274000068889 /* LaunchScreen.storyboard in Resources */,
				7DF6577F2A8B7F5800068889 /* MainViewController.xib in Resources */,
				7DF657A82A8CC7FF00068889 /* leaf.png in Resources */,
				7DF657A72A8CC7FF00068889 /* thermometer.low.png in Resources */,
				7DF657842A8C79C800068889 /* MainTableViewCell.xib in Resources */,
				7DF657892A8C800D00068889 /* ChooseViewController.xib in Resources */,
				7DF6578E2A8C808A00068889 /* ChooseTableViewCell.xib in Resources */,
				7DF657AB2A8CC7FF00068889 /* thermometer.high.png in Resources */,
				7DF657A12A8CC7EB00068889 /* cloud.rain.png in Resources */,
				7DF657432A8B274000068889 /* Assets.xcassets in Resources */,
			);
			runOnlyForDeploymentPostprocessing = 0;
		};
		7DF6574A2A8B274000068889 /* Resources */ = {
			isa = PBXResourcesBuildPhase;
			buildActionMask = 2147483647;
			files = (
			);
			runOnlyForDeploymentPostprocessing = 0;
		};
		7DF657542A8B274000068889 /* Resources */ = {
			isa = PBXResourcesBuildPhase;
			buildActionMask = 2147483647;
			files = (
			);
			runOnlyForDeploymentPostprocessing = 0;
		};
/* End PBXResourcesBuildPhase section */

/* Begin PBXSourcesBuildPhase section */
		7DF657322A8B273B00068889 /* Sources */ = {
			isa = PBXSourcesBuildPhase;
			buildActionMask = 2147483647;
			files = (
				7DF6577E2A8B7F5800068889 /* MainViewController.swift in Sources */,
				7DF6573A2A8B273C00068889 /* AppDelegate.swift in Sources */,
				7DF657882A8C800D00068889 /* ChooseViewController.swift in Sources */,
				7DF657832A8C79C800068889 /* MainTableViewCell.swift in Sources */,
				7DF657742A8B28A000068889 /* APIStruct.swift in Sources */,
				7DF657792A8B6A7000068889 /* RequestData.swift in Sources */,
				7DF6573C2A8B273C00068889 /* SceneDelegate.swift in Sources */,
				7DF657762A8B28CF00068889 /* NetworkConstents.swift in Sources */,
				7DF6578D2A8C808A00068889 /* ChooseTableViewCell.swift in Sources */,
			);
			runOnlyForDeploymentPostprocessing = 0;
		};
		7DF657482A8B274000068889 /* Sources */ = {
			isa = PBXSourcesBuildPhase;
			buildActionMask = 2147483647;
			files = (
				7DF657512A8B274000068889 /* APITests.swift in Sources */,
			);
			runOnlyForDeploymentPostprocessing = 0;
		};
		7DF657522A8B274000068889 /* Sources */ = {
			isa = PBXSourcesBuildPhase;
			buildActionMask = 2147483647;
			files = (
				7DF6575B2A8B274000068889 /* APIUITests.swift in Sources */,
				7DF6575D2A8B274000068889 /* APIUITestsLaunchTests.swift in Sources */,
			);
			runOnlyForDeploymentPostprocessing = 0;
		};
/* End PBXSourcesBuildPhase section */

/* Begin PBXTargetDependency section */
		7DF6574E2A8B274000068889 /* PBXTargetDependency */ = {
			isa = PBXTargetDependency;
			target = 7DF657352A8B273B00068889 /* API */;
			targetProxy = 7DF6574D2A8B274000068889 /* PBXContainerItemProxy */;
		};
		7DF657582A8B274000068889 /* PBXTargetDependency */ = {
			isa = PBXTargetDependency;
			target = 7DF657352A8B273B00068889 /* API */;
			targetProxy = 7DF657572A8B274000068889 /* PBXContainerItemProxy */;
		};
/* End PBXTargetDependency section */

/* Begin PBXVariantGroup section */
		7DF657442A8B274000068889 /* LaunchScreen.storyboard */ = {
			isa = PBXVariantGroup;
			children = (
				7DF657452A8B274000068889 /* Base */,
			);
			name = LaunchScreen.storyboard;
			sourceTree = "<group>";
		};
/* End PBXVariantGroup section */

/* Begin XCBuildConfiguration section */
		7DF6575E2A8B274000068889 /* Debug */ = {
			isa = XCBuildConfiguration;
			buildSettings = {
				ALWAYS_SEARCH_USER_PATHS = NO;
				CLANG_ANALYZER_NONNULL = YES;
				CLANG_ANALYZER_NUMBER_OBJECT_CONVERSION = YES_AGGRESSIVE;
				CLANG_CXX_LANGUAGE_STANDARD = "gnu++17";
				CLANG_CXX_LIBRARY = "libc++";
				CLANG_ENABLE_MODULES = YES;
				CLANG_ENABLE_OBJC_ARC = YES;
				CLANG_ENABLE_OBJC_WEAK = YES;
				CLANG_WARN_BLOCK_CAPTURE_AUTORELEASING = YES;
				CLANG_WARN_BOOL_CONVERSION = YES;
				CLANG_WARN_COMMA = YES;
				CLANG_WARN_CONSTANT_CONVERSION = YES;
				CLANG_WARN_DEPRECATED_OBJC_IMPLEMENTATIONS = YES;
				CLANG_WARN_DIRECT_OBJC_ISA_USAGE = YES_ERROR;
				CLANG_WARN_DOCUMENTATION_COMMENTS = YES;
				CLANG_WARN_EMPTY_BODY = YES;
				CLANG_WARN_ENUM_CONVERSION = YES;
				CLANG_WARN_INFINITE_RECURSION = YES;
				CLANG_WARN_INT_CONVERSION = YES;
				CLANG_WARN_NON_LITERAL_NULL_CONVERSION = YES;
				CLANG_WARN_OBJC_IMPLICIT_RETAIN_SELF = YES;
				CLANG_WARN_OBJC_LITERAL_CONVERSION = YES;
				CLANG_WARN_OBJC_ROOT_CLASS = YES_ERROR;
				CLANG_WARN_QUOTED_INCLUDE_IN_FRAMEWORK_HEADER = YES;
				CLANG_WARN_RANGE_LOOP_ANALYSIS = YES;
				CLANG_WARN_STRICT_PROTOTYPES = YES;
				CLANG_WARN_SUSPICIOUS_MOVE = YES;
				CLANG_WARN_UNGUARDED_AVAILABILITY = YES_AGGRESSIVE;
				CLANG_WARN_UNREACHABLE_CODE = YES;
				CLANG_WARN__DUPLICATE_METHOD_MATCH = YES;
				COPY_PHASE_STRIP = NO;
				DEBUG_INFORMATION_FORMAT = dwarf;
				ENABLE_STRICT_OBJC_MSGSEND = YES;
				ENABLE_TESTABILITY = YES;
				GCC_C_LANGUAGE_STANDARD = gnu11;
				GCC_DYNAMIC_NO_PIC = NO;
				GCC_NO_COMMON_BLOCKS = YES;
				GCC_OPTIMIZATION_LEVEL = 0;
				GCC_PREPROCESSOR_DEFINITIONS = (
					"DEBUG=1",
					"$(inherited)",
				);
				GCC_WARN_64_TO_32_BIT_CONVERSION = YES;
				GCC_WARN_ABOUT_RETURN_TYPE = YES_ERROR;
				GCC_WARN_UNDECLARED_SELECTOR = YES;
				GCC_WARN_UNINITIALIZED_AUTOS = YES_AGGRESSIVE;
				GCC_WARN_UNUSED_FUNCTION = YES;
				GCC_WARN_UNUSED_VARIABLE = YES;
				IPHONEOS_DEPLOYMENT_TARGET = 15.2;
				MTL_ENABLE_DEBUG_INFO = INCLUDE_SOURCE;
				MTL_FAST_MATH = YES;
				ONLY_ACTIVE_ARCH = YES;
				SDKROOT = iphoneos;
				SWIFT_ACTIVE_COMPILATION_CONDITIONS = DEBUG;
				SWIFT_OPTIMIZATION_LEVEL = "-Onone";
			};
			name = Debug;
		};
		7DF6575F2A8B274000068889 /* Release */ = {
			isa = XCBuildConfiguration;
			buildSettings = {
				ALWAYS_SEARCH_USER_PATHS = NO;
				CLANG_ANALYZER_NONNULL = YES;
				CLANG_ANALYZER_NUMBER_OBJECT_CONVERSION = YES_AGGRESSIVE;
				CLANG_CXX_LANGUAGE_STANDARD = "gnu++17";
				CLANG_CXX_LIBRARY = "libc++";
				CLANG_ENABLE_MODULES = YES;
				CLANG_ENABLE_OBJC_ARC = YES;
				CLANG_ENABLE_OBJC_WEAK = YES;
				CLANG_WARN_BLOCK_CAPTURE_AUTORELEASING = YES;
				CLANG_WARN_BOOL_CONVERSION = YES;
				CLANG_WARN_COMMA = YES;
				CLANG_WARN_CONSTANT_CONVERSION = YES;
				CLANG_WARN_DEPRECATED_OBJC_IMPLEMENTATIONS = YES;
				CLANG_WARN_DIRECT_OBJC_ISA_USAGE = YES_ERROR;
				CLANG_WARN_DOCUMENTATION_COMMENTS = YES;
				CLANG_WARN_EMPTY_BODY = YES;
				CLANG_WARN_ENUM_CONVERSION = YES;
				CLANG_WARN_INFINITE_RECURSION = YES;
				CLANG_WARN_INT_CONVERSION = YES;
				CLANG_WARN_NON_LITERAL_NULL_CONVERSION = YES;
				CLANG_WARN_OBJC_IMPLICIT_RETAIN_SELF = YES;
				CLANG_WARN_OBJC_LITERAL_CONVERSION = YES;
				CLANG_WARN_OBJC_ROOT_CLASS = YES_ERROR;
				CLANG_WARN_QUOTED_INCLUDE_IN_FRAMEWORK_HEADER = YES;
				CLANG_WARN_RANGE_LOOP_ANALYSIS = YES;
				CLANG_WARN_STRICT_PROTOTYPES = YES;
				CLANG_WARN_SUSPICIOUS_MOVE = YES;
				CLANG_WARN_UNGUARDED_AVAILABILITY = YES_AGGRESSIVE;
				CLANG_WARN_UNREACHABLE_CODE = YES;
				CLANG_WARN__DUPLICATE_METHOD_MATCH = YES;
				COPY_PHASE_STRIP = NO;
				DEBUG_INFORMATION_FORMAT = "dwarf-with-dsym";
				ENABLE_NS_ASSERTIONS = NO;
				ENABLE_STRICT_OBJC_MSGSEND = YES;
				GCC_C_LANGUAGE_STANDARD = gnu11;
				GCC_NO_COMMON_BLOCKS = YES;
				GCC_WARN_64_TO_32_BIT_CONVERSION = YES;
				GCC_WARN_ABOUT_RETURN_TYPE = YES_ERROR;
				GCC_WARN_UNDECLARED_SELECTOR = YES;
				GCC_WARN_UNINITIALIZED_AUTOS = YES_AGGRESSIVE;
				GCC_WARN_UNUSED_FUNCTION = YES;
				GCC_WARN_UNUSED_VARIABLE = YES;
				IPHONEOS_DEPLOYMENT_TARGET = 15.2;
				MTL_ENABLE_DEBUG_INFO = NO;
				MTL_FAST_MATH = YES;
				SDKROOT = iphoneos;
				SWIFT_COMPILATION_MODE = wholemodule;
				SWIFT_OPTIMIZATION_LEVEL = "-O";
				VALIDATE_PRODUCT = YES;
			};
			name = Release;
		};
		7DF657612A8B274000068889 /* Debug */ = {
			isa = XCBuildConfiguration;
			buildSettings = {
				ASSETCATALOG_COMPILER_APPICON_NAME = AppIcon;
				ASSETCATALOG_COMPILER_GLOBAL_ACCENT_COLOR_NAME = AccentColor;
				CODE_SIGN_STYLE = Automatic;
				CURRENT_PROJECT_VERSION = 1;
				DEVELOPMENT_TEAM = S8FBP4YLUA;
				GENERATE_INFOPLIST_FILE = YES;
				INFOPLIST_FILE = API/Info.plist;
				INFOPLIST_KEY_UIApplicationSupportsIndirectInputEvents = YES;
				INFOPLIST_KEY_UILaunchStoryboardName = LaunchScreen;
				INFOPLIST_KEY_UISupportedInterfaceOrientations_iPad = "UIInterfaceOrientationPortrait UIInterfaceOrientationPortraitUpsideDown UIInterfaceOrientationLandscapeLeft UIInterfaceOrientationLandscapeRight";
				INFOPLIST_KEY_UISupportedInterfaceOrientations_iPhone = "UIInterfaceOrientationPortrait UIInterfaceOrientationLandscapeLeft UIInterfaceOrientationLandscapeRight";
				LD_RUNPATH_SEARCH_PATHS = (
					"$(inherited)",
					"@executable_path/Frameworks",
				);
				MARKETING_VERSION = 1.0;
				PRODUCT_BUNDLE_IDENTIFIER = com.imac.API;
				PRODUCT_NAME = "$(TARGET_NAME)";
				SWIFT_EMIT_LOC_STRINGS = YES;
				SWIFT_VERSION = 5.0;
				TARGETED_DEVICE_FAMILY = "1,2";
			};
			name = Debug;
		};
		7DF657622A8B274000068889 /* Release */ = {
			isa = XCBuildConfiguration;
			buildSettings = {
				ASSETCATALOG_COMPILER_APPICON_NAME = AppIcon;
				ASSETCATALOG_COMPILER_GLOBAL_ACCENT_COLOR_NAME = AccentColor;
				CODE_SIGN_STYLE = Automatic;
				CURRENT_PROJECT_VERSION = 1;
				DEVELOPMENT_TEAM = S8FBP4YLUA;
				GENERATE_INFOPLIST_FILE = YES;
				INFOPLIST_FILE = API/Info.plist;
				INFOPLIST_KEY_UIApplicationSupportsIndirectInputEvents = YES;
				INFOPLIST_KEY_UILaunchStoryboardName = LaunchScreen;
				INFOPLIST_KEY_UISupportedInterfaceOrientations_iPad = "UIInterfaceOrientationPortrait UIInterfaceOrientationPortraitUpsideDown UIInterfaceOrientationLandscapeLeft UIInterfaceOrientationLandscapeRight";
				INFOPLIST_KEY_UISupportedInterfaceOrientations_iPhone = "UIInterfaceOrientationPortrait UIInterfaceOrientationLandscapeLeft UIInterfaceOrientationLandscapeRight";
				LD_RUNPATH_SEARCH_PATHS = (
					"$(inherited)",
					"@executable_path/Frameworks",
				);
				MARKETING_VERSION = 1.0;
				PRODUCT_BUNDLE_IDENTIFIER = com.imac.API;
				PRODUCT_NAME = "$(TARGET_NAME)";
				SWIFT_EMIT_LOC_STRINGS = YES;
				SWIFT_VERSION = 5.0;
				TARGETED_DEVICE_FAMILY = "1,2";
			};
			name = Release;
		};
		7DF657642A8B274000068889 /* Debug */ = {
			isa = XCBuildConfiguration;
			buildSettings = {
				ALWAYS_EMBED_SWIFT_STANDARD_LIBRARIES = YES;
				BUNDLE_LOADER = "$(TEST_HOST)";
				CODE_SIGN_STYLE = Automatic;
				CURRENT_PROJECT_VERSION = 1;
				DEVELOPMENT_TEAM = S8FBP4YLUA;
				GENERATE_INFOPLIST_FILE = YES;
				IPHONEOS_DEPLOYMENT_TARGET = 15.2;
				MARKETING_VERSION = 1.0;
				PRODUCT_BUNDLE_IDENTIFIER = com.imac.APITests;
				PRODUCT_NAME = "$(TARGET_NAME)";
				SWIFT_EMIT_LOC_STRINGS = NO;
				SWIFT_VERSION = 5.0;
				TARGETED_DEVICE_FAMILY = "1,2";
				TEST_HOST = "$(BUILT_PRODUCTS_DIR)/API.app/API";
			};
			name = Debug;
		};
		7DF657652A8B274000068889 /* Release */ = {
			isa = XCBuildConfiguration;
			buildSettings = {
				ALWAYS_EMBED_SWIFT_STANDARD_LIBRARIES = YES;
				BUNDLE_LOADER = "$(TEST_HOST)";
				CODE_SIGN_STYLE = Automatic;
				CURRENT_PROJECT_VERSION = 1;
				DEVELOPMENT_TEAM = S8FBP4YLUA;
				GENERATE_INFOPLIST_FILE = YES;
				IPHONEOS_DEPLOYMENT_TARGET = 15.2;
				MARKETING_VERSION = 1.0;
				PRODUCT_BUNDLE_IDENTIFIER = com.imac.APITests;
				PRODUCT_NAME = "$(TARGET_NAME)";
				SWIFT_EMIT_LOC_STRINGS = NO;
				SWIFT_VERSION = 5.0;
				TARGETED_DEVICE_FAMILY = "1,2";
				TEST_HOST = "$(BUILT_PRODUCTS_DIR)/API.app/API";
			};
			name = Release;
		};
		7DF657672A8B274000068889 /* Debug */ = {
			isa = XCBuildConfiguration;
			buildSettings = {
				ALWAYS_EMBED_SWIFT_STANDARD_LIBRARIES = YES;
				CODE_SIGN_STYLE = Automatic;
				CURRENT_PROJECT_VERSION = 1;
				DEVELOPMENT_TEAM = S8FBP4YLUA;
				GENERATE_INFOPLIST_FILE = YES;
				MARKETING_VERSION = 1.0;
				PRODUCT_BUNDLE_IDENTIFIER = com.imac.APIUITests;
				PRODUCT_NAME = "$(TARGET_NAME)";
				SWIFT_EMIT_LOC_STRINGS = NO;
				SWIFT_VERSION = 5.0;
				TARGETED_DEVICE_FAMILY = "1,2";
				TEST_TARGET_NAME = API;
			};
			name = Debug;
		};
		7DF657682A8B274000068889 /* Release */ = {
			isa = XCBuildConfiguration;
			buildSettings = {
				ALWAYS_EMBED_SWIFT_STANDARD_LIBRARIES = YES;
				CODE_SIGN_STYLE = Automatic;
				CURRENT_PROJECT_VERSION = 1;
				DEVELOPMENT_TEAM = S8FBP4YLUA;
				GENERATE_INFOPLIST_FILE = YES;
				MARKETING_VERSION = 1.0;
				PRODUCT_BUNDLE_IDENTIFIER = com.imac.APIUITests;
				PRODUCT_NAME = "$(TARGET_NAME)";
				SWIFT_EMIT_LOC_STRINGS = NO;
				SWIFT_VERSION = 5.0;
				TARGETED_DEVICE_FAMILY = "1,2";
				TEST_TARGET_NAME = API;
			};
			name = Release;
		};
/* End XCBuildConfiguration section */

/* Begin XCConfigurationList section */
		7DF657312A8B273B00068889 /* Build configuration list for PBXProject "API" */ = {
			isa = XCConfigurationList;
			buildConfigurations = (
				7DF6575E2A8B274000068889 /* Debug */,
				7DF6575F2A8B274000068889 /* Release */,
			);
			defaultConfigurationIsVisible = 0;
			defaultConfigurationName = Release;
		};
		7DF657602A8B274000068889 /* Build configuration list for PBXNativeTarget "API" */ = {
			isa = XCConfigurationList;
			buildConfigurations = (
				7DF657612A8B274000068889 /* Debug */,
				7DF657622A8B274000068889 /* Release */,
			);
			defaultConfigurationIsVisible = 0;
			defaultConfigurationName = Release;
		};
		7DF657632A8B274000068889 /* Build configuration list for PBXNativeTarget "APITests" */ = {
			isa = XCConfigurationList;
			buildConfigurations = (
				7DF657642A8B274000068889 /* Debug */,
				7DF657652A8B274000068889 /* Release */,
			);
			defaultConfigurationIsVisible = 0;
			defaultConfigurationName = Release;
		};
		7DF657662A8B274000068889 /* Build configuration list for PBXNativeTarget "APIUITests" */ = {
			isa = XCConfigurationList;
			buildConfigurations = (
				7DF657672A8B274000068889 /* Debug */,
				7DF657682A8B274000068889 /* Release */,
			);
			defaultConfigurationIsVisible = 0;
			defaultConfigurationName = Release;
		};
/* End XCConfigurationList section */
	};
	rootObject = 7DF6572E2A8B273B00068889 /* Project object */;
}
